# Generated by ReqSnap
# Date: 2026-02-09T17:19:05.279039
# Python: 3.12.12
# Source: requirements.txt

certifi==2025.1.31
dvc==3.66.1
evidently==0.7.15
imbalanced-learn==0.14.0
matplotlib==3.10.7
neuro-mf==0.0.5
numpy==2.3.4
pandas==2.3.3
pymongo==4.15.3
python-dotenv==1.2.1
reqsnap==1.0.0
scikit-learn==1.7.2
seaborn==0.13.2
setuptools==80.9.0
xgboost==3.1.3
